
Microsoft Visual Studio Solution File, Format Version 12.00
# Visual Studio 15
VisualStudioVersion = 15.0.28307.106
MinimumVisualStudioVersion = 10.0.40219.1
Project("{F184B08F-C81C-45F6-A57F-5ABD9991F28F}") = "Tomogachi Cookie Clicker Hybrid Program", "Tomogachi Cookie Clicker Hybrid Program\Tomogachi Cookie Clicker Hybrid Program.vbproj", "{8026E271-99E8-4D6C-A2D6-629D27457C43}"
EndProject
Global
	GlobalSection(SolutionConfigurationPlatforms) = preSolution
		Debug|Any CPU = Debug|Any CPU
		Release|Any CPU = Release|Any CPU
	EndGlobalSection
	GlobalSection(ProjectConfigurationPlatforms) = postSolution
		{8026E271-99E8-4D6C-A2D6-629D27457C43}.Debug|Any CPU.ActiveCfg = Debug|Any CPU
		{8026E271-99E8-4D6C-A2D6-629D27457C43}.Debug|Any CPU.Build.0 = Debug|Any CPU
		{8026E271-99E8-4D6C-A2D6-629D27457C43}.Release|Any CPU.ActiveCfg = Release|Any CPU
		{8026E271-99E8-4D6C-A2D6-629D27457C43}.Release|Any CPU.Build.0 = Release|Any CPU
	EndGlobalSection
	GlobalSection(SolutionProperties) = preSolution
		HideSolutionNode = FALSE
	EndGlobalSection
	GlobalSection(ExtensibilityGlobals) = postSolution
		SolutionGuid = {513E806C-FE40-47C3-A83E-D3D3037B8792}
	EndGlobalSection
EndGlobal
